
Microsoft Visual Studio Solution File, Format Version 12.00
# Visual Studio 2012
Project("{8BC9CEB8-8B4A-11D0-8D11-00A0C91BC942}") = "3DBPP_Data_Consolidator", "3DBPP_Data_Consolidator\3DBPP_Data_Consolidator.vcxproj", "{156E0FAF-F893-4271-9F47-27B24DBEBA39}"
EndProject
Global
	GlobalSection(SolutionConfigurationPlatforms) = preSolution
		Debug|Win32 = Debug|Win32
		Release|Win32 = Release|Win32
	EndGlobalSection
	GlobalSection(ProjectConfigurationPlatforms) = postSolution
		{156E0FAF-F893-4271-9F47-27B24DBEBA39}.Debug|Win32.ActiveCfg = Debug|Win32
		{156E0FAF-F893-4271-9F47-27B24DBEBA39}.Debug|Win32.Build.0 = Debug|Win32
		{156E0FAF-F893-4271-9F47-27B24DBEBA39}.Release|Win32.ActiveCfg = Release|Win32
		{156E0FAF-F893-4271-9F47-27B24DBEBA39}.Release|Win32.Build.0 = Release|Win32
	EndGlobalSection
	GlobalSection(SolutionProperties) = preSolution
		HideSolutionNode = FALSE
	EndGlobalSection
EndGlobal
